<?xml version="1.0" encoding="utf-8"?>
<Project ToolsVersion="4.0" xmlns="http://schemas.microsoft.com/developer/msbuild/2003">
  <ItemGroup>
    <Filter Include="Header Files">
      <UniqueIdentifier>{F11E40CB-A985-5EEF-ABD5-76D6AAD3B7E2}</UniqueIdentifier>
    </Filter>
    <Filter Include="Resource Files">
      <UniqueIdentifier>{4801BE4B-6FB4-50A1-A075-E6409CA471C1}</UniqueIdentifier>
    </Filter>
    <Filter Include="Source Files">
      <UniqueIdentifier>{23D8B78B-8959-5AAC-8C4C-7802BC8EF397}</UniqueIdentifier>
    </Filter>
  </ItemGroup>
  <ItemGroup>
    <ClCompile Include="..\Controls\FileFindEx.cpp">
      <Filter>Source Files</Filter>
    </ClCompile>
    <ClCompile Include="NpcSettingDlg.cpp">
      <Filter>Source Files</Filter>
    </ClCompile>
    <ClCompile Include="ObjDlg.cpp">
      <Filter>Source Files</Filter>
    </ClCompile>
    <ClCompile Include="ObstacleDlg.cpp">
      <Filter>Source Files</Filter>
    </ClCompile>
    <ClCompile Include="SelectDlg.cpp">
      <Filter>Source Files</Filter>
    </ClCompile>
    <ClCompile Include="SpecialDlg.cpp">
      <Filter>Source Files</Filter>
    </ClCompile>
    <ClCompile Include="Status.cpp">
      <Filter>Source Files</Filter>
    </ClCompile>
    <None Include="Status.def">
      <Filter>Source Files</Filter>
    </None>
    <ClCompile Include="StdAfx.cpp">
      <Filter>Source Files</Filter>
    </ClCompile>
    <ClCompile Include="StringDlg.cpp">
      <Filter>Source Files</Filter>
    </ClCompile>
    <ClCompile Include="activeiniform.cpp">
      <Filter>Source Files</Filter>
    </ClCompile>
    <ClCompile Include="cActor.cpp">
      <Filter>Source Files</Filter>
    </ClCompile>
    <ClCompile Include="cDoodad.cpp">
      <Filter>Source Files</Filter>
    </ClCompile>
    <ClCompile Include="cMissle.cpp">
      <Filter>Source Files</Filter>
    </ClCompile>
    <ClCompile Include="cStatus.cpp">
      <Filter>Source Files</Filter>
    </ClCompile>
    <ClCompile Include="cStatusCamera.cpp">
      <Filter>Source Files</Filter>
    </ClCompile>
    <ClCompile Include="cStatusDoodadDynamic.cpp">
      <Filter>Source Files</Filter>
    </ClCompile>
    <ClCompile Include="cStatusDoodadSimple.cpp">
      <Filter>Source Files</Filter>
    </ClCompile>
    <ClCompile Include="cStatusDynamic.cpp">
      <Filter>Source Files</Filter>
    </ClCompile>
    <ClCompile Include="cStatusGeneral.cpp">
      <Filter>Source Files</Filter>
    </ClCompile>
    <ClCompile Include="cStatusGroup.cpp">
      <Filter>Source Files</Filter>
    </ClCompile>
    <ClCompile Include="cStatusGroupDynamic.cpp">
      <Filter>Source Files</Filter>
    </ClCompile>
    <ClCompile Include="cStatusLightStatic.cpp">
      <Filter>Source Files</Filter>
    </ClCompile>
    <ClCompile Include="cStatusMachine.cpp">
      <Filter>Source Files</Filter>
    </ClCompile>
    <ClCompile Include="cStatusObstacle.cpp">
      <Filter>Source Files</Filter>
    </ClCompile>
    <ClCompile Include="cStatusRegion.cpp">
      <Filter>Source Files</Filter>
    </ClCompile>
    <ClCompile Include="cStatusSpecial.cpp">
      <Filter>Source Files</Filter>
    </ClCompile>
    <ClCompile Include="cStatusTerrainDiamond.cpp">
      <Filter>Source Files</Filter>
    </ClCompile>
    <ClCompile Include="cStatusTerrainRoad.cpp">
      <Filter>Source Files</Filter>
    </ClCompile>
    <ClCompile Include="cStatusTerrainSquare.cpp">
      <Filter>Source Files</Filter>
    </ClCompile>
    <ClCompile Include="cStatusTest.cpp">
      <Filter>Source Files</Filter>
    </ClCompile>
    <ClCompile Include="objUtility.cpp">
      <Filter>Source Files</Filter>
    </ClCompile>
  </ItemGroup>
  <ItemGroup>
    <ClInclude Include="NpcSettingDlg.h">
      <Filter>Header Files</Filter>
    </ClInclude>
    <ClInclude Include="ObjDlg.h">
      <Filter>Header Files</Filter>
    </ClInclude>
    <ClInclude Include="ObstacleDlg.h">
      <Filter>Header Files</Filter>
    </ClInclude>
    <ClInclude Include="Resource.h">
      <Filter>Header Files</Filter>
    </ClInclude>
    <ClInclude Include="SelectDlg.h">
      <Filter>Header Files</Filter>
    </ClInclude>
    <ClInclude Include="SpecialDlg.h">
      <Filter>Header Files</Filter>
    </ClInclude>
    <ClInclude Include="Status.h">
      <Filter>Header Files</Filter>
    </ClInclude>
    <ClInclude Include="StdAfx.h">
      <Filter>Header Files</Filter>
    </ClInclude>
    <ClInclude Include="StringDlg.h">
      <Filter>Header Files</Filter>
    </ClInclude>
    <ClInclude Include="activeiniform.h">
      <Filter>Header Files</Filter>
    </ClInclude>
    <ClInclude Include="cActor.h">
      <Filter>Header Files</Filter>
    </ClInclude>
    <ClInclude Include="cDoodad.h">
      <Filter>Header Files</Filter>
    </ClInclude>
    <ClInclude Include="cMissle.h">
      <Filter>Header Files</Filter>
    </ClInclude>
    <ClInclude Include="cStatus.h">
      <Filter>Header Files</Filter>
    </ClInclude>
    <ClInclude Include="cStatusCamera.h">
      <Filter>Header Files</Filter>
    </ClInclude>
    <ClInclude Include="cStatusDoodadDynamic.h">
      <Filter>Header Files</Filter>
    </ClInclude>
    <ClInclude Include="cStatusDoodadSimple.h">
      <Filter>Header Files</Filter>
    </ClInclude>
    <ClInclude Include="cStatusDynamic.h">
      <Filter>Header Files</Filter>
    </ClInclude>
    <ClInclude Include="cStatusGeneral.h">
      <Filter>Header Files</Filter>
    </ClInclude>
    <ClInclude Include="cStatusGroup.h">
      <Filter>Header Files</Filter>
    </ClInclude>
    <ClInclude Include="cStatusGroupDynamic.h">
      <Filter>Header Files</Filter>
    </ClInclude>
    <ClInclude Include="cStatusLightStatic.h">
      <Filter>Header Files</Filter>
    </ClInclude>
    <ClInclude Include="cStatusMachine.h">
      <Filter>Header Files</Filter>
    </ClInclude>
    <ClInclude Include="cStatusObstacle.h">
      <Filter>Header Files</Filter>
    </ClInclude>
    <ClInclude Include="cStatusRegion.h">
      <Filter>Header Files</Filter>
    </ClInclude>
    <ClInclude Include="cStatusSpecial.h">
      <Filter>Header Files</Filter>
    </ClInclude>
    <ClInclude Include="cStatusTerrainDiamond.h">
      <Filter>Header Files</Filter>
    </ClInclude>
    <ClInclude Include="cStatusTerrainRoad.h">
      <Filter>Header Files</Filter>
    </ClInclude>
    <ClInclude Include="cStatusTerrainSquare.h">
      <Filter>Header Files</Filter>
    </ClInclude>
    <ClInclude Include="cStatusTest.h">
      <Filter>Header Files</Filter>
    </ClInclude>
    <ClInclude Include="..\..\Headers\iStatus.h">
      <Filter>Header Files</Filter>
    </ClInclude>
    <ClInclude Include="objUtility.h">
      <Filter>Header Files</Filter>
    </ClInclude>
  </ItemGroup>
  <ItemGroup>
    <ResourceCompile Include="Status.rc">
      <Filter>Source Files</Filter>
    </ResourceCompile>
  </ItemGroup>
  <ItemGroup>
    <None Include="res\Status.rc2">
      <Filter>Resource Files</Filter>
    </None>
    <None Include="ReadMe.txt" />
  </ItemGroup>
</Project>