﻿
Microsoft Visual Studio Solution File, Format Version 12.00
# Visual Studio Version 17
VisualStudioVersion = 17.0.31903.59
MinimumVisualStudioVersion = 10.0.40219.1
Project("{8BC9CEB8-8B4A-11D0-8D11-00A0C91BC942}") = "AutoMap", "..\AutoMap\AutoMap.vcxproj", "{827CC28B-5BC8-4962-A377-472D6D9E5FAB}"
EndProject
Project("{8BC9CEB8-8B4A-11D0-8D11-00A0C91BC942}") = "Command", "..\Command\Command.vcxproj", "{FF71EDF5-DE22-449A-8308-208D666E42F9}"
EndProject
Project("{8BC9CEB8-8B4A-11D0-8D11-00A0C91BC942}") = "Common", "..\Common\Common.vcxproj", "{D7DFA107-BB37-4213-A60F-73EDCD6FDDDD}"
EndProject
Project("{8BC9CEB8-8B4A-11D0-8D11-00A0C91BC942}") = "Graphics", "..\Graphics\Graphics.vcxproj", "{63B0E233-E8C3-4295-A553-780D6342D0BB}"
EndProject
Project("{8BC9CEB8-8B4A-11D0-8D11-00A0C91BC942}") = "GraphicsUtility", "..\GraphicsUtility\GraphicsUtility.vcxproj", "{E71B64DC-A1B5-4654-84E6-26FF677DF94E}"
EndProject
Project("{8BC9CEB8-8B4A-11D0-8D11-00A0C91BC942}") = "Image", "..\Image\Image.vcxproj", "{F5678C5C-A511-4060-A884-1809523E789F}"
EndProject
Project("{8BC9CEB8-8B4A-11D0-8D11-00A0C91BC942}") = "Message", "..\Message\Message.vcxproj", "{04455DD3-7E72-40F7-9DCB-0111B2D8BB7B}"
EndProject
Project("{8BC9CEB8-8B4A-11D0-8D11-00A0C91BC942}") = "Status", "..\Status\Status.vcxproj", "{BF1CF5E9-4CF7-47B0-AA09-A791A072EA92}"
EndProject
Project("{8BC9CEB8-8B4A-11D0-8D11-00A0C91BC942}") = "WorldEditor", "WorldEditor.vcxproj", "{C1FE3AF0-8AAB-4316-8CB4-6D2E98F7A002}"
EndProject
Global
	GlobalSection(SolutionConfigurationPlatforms) = preSolution
		Debug|Win32 = Debug|Win32
		Release|Win32 = Release|Win32
	EndGlobalSection
	GlobalSection(ProjectConfigurationPlatforms) = postSolution
		{827CC28B-5BC8-4962-A377-472D6D9E5FAB}.Debug|Win32.ActiveCfg = Debug|Win32
		{827CC28B-5BC8-4962-A377-472D6D9E5FAB}.Debug|Win32.Build.0 = Debug|Win32
		{827CC28B-5BC8-4962-A377-472D6D9E5FAB}.Release|Win32.ActiveCfg = Release|Win32
		{827CC28B-5BC8-4962-A377-472D6D9E5FAB}.Release|Win32.Build.0 = Release|Win32
		{FF71EDF5-DE22-449A-8308-208D666E42F9}.Debug|Win32.ActiveCfg = Debug|Win32
		{FF71EDF5-DE22-449A-8308-208D666E42F9}.Debug|Win32.Build.0 = Debug|Win32
		{FF71EDF5-DE22-449A-8308-208D666E42F9}.Release|Win32.ActiveCfg = Release|Win32
		{FF71EDF5-DE22-449A-8308-208D666E42F9}.Release|Win32.Build.0 = Release|Win32
		{D7DFA107-BB37-4213-A60F-73EDCD6FDDDD}.Debug|Win32.ActiveCfg = Debug|Win32
		{D7DFA107-BB37-4213-A60F-73EDCD6FDDDD}.Debug|Win32.Build.0 = Debug|Win32
		{D7DFA107-BB37-4213-A60F-73EDCD6FDDDD}.Release|Win32.ActiveCfg = Release|Win32
		{D7DFA107-BB37-4213-A60F-73EDCD6FDDDD}.Release|Win32.Build.0 = Release|Win32
		{63B0E233-E8C3-4295-A553-780D6342D0BB}.Debug|Win32.ActiveCfg = Debug|Win32
		{63B0E233-E8C3-4295-A553-780D6342D0BB}.Debug|Win32.Build.0 = Debug|Win32
		{63B0E233-E8C3-4295-A553-780D6342D0BB}.Release|Win32.ActiveCfg = Release|Win32
		{63B0E233-E8C3-4295-A553-780D6342D0BB}.Release|Win32.Build.0 = Release|Win32
		{E71B64DC-A1B5-4654-84E6-26FF677DF94E}.Debug|Win32.ActiveCfg = Debug|Win32
		{E71B64DC-A1B5-4654-84E6-26FF677DF94E}.Debug|Win32.Build.0 = Debug|Win32
		{E71B64DC-A1B5-4654-84E6-26FF677DF94E}.Release|Win32.ActiveCfg = Release|Win32
		{E71B64DC-A1B5-4654-84E6-26FF677DF94E}.Release|Win32.Build.0 = Release|Win32
		{F5678C5C-A511-4060-A884-1809523E789F}.Debug|Win32.ActiveCfg = Debug|Win32
		{F5678C5C-A511-4060-A884-1809523E789F}.Debug|Win32.Build.0 = Debug|Win32
		{F5678C5C-A511-4060-A884-1809523E789F}.Release|Win32.ActiveCfg = Release|Win32
		{F5678C5C-A511-4060-A884-1809523E789F}.Release|Win32.Build.0 = Release|Win32
		{04455DD3-7E72-40F7-9DCB-0111B2D8BB7B}.Debug|Win32.ActiveCfg = Debug|Win32
		{04455DD3-7E72-40F7-9DCB-0111B2D8BB7B}.Debug|Win32.Build.0 = Debug|Win32
		{04455DD3-7E72-40F7-9DCB-0111B2D8BB7B}.Release|Win32.ActiveCfg = Release|Win32
		{04455DD3-7E72-40F7-9DCB-0111B2D8BB7B}.Release|Win32.Build.0 = Release|Win32
		{BF1CF5E9-4CF7-47B0-AA09-A791A072EA92}.Debug|Win32.ActiveCfg = Debug|Win32
		{BF1CF5E9-4CF7-47B0-AA09-A791A072EA92}.Debug|Win32.Build.0 = Debug|Win32
		{BF1CF5E9-4CF7-47B0-AA09-A791A072EA92}.Release|Win32.ActiveCfg = Release|Win32
		{BF1CF5E9-4CF7-47B0-AA09-A791A072EA92}.Release|Win32.Build.0 = Release|Win32
		{C1FE3AF0-8AAB-4316-8CB4-6D2E98F7A002}.Debug|Win32.ActiveCfg = Debug|Win32
		{C1FE3AF0-8AAB-4316-8CB4-6D2E98F7A002}.Debug|Win32.Build.0 = Debug|Win32
		{C1FE3AF0-8AAB-4316-8CB4-6D2E98F7A002}.Release|Win32.ActiveCfg = Release|Win32
		{C1FE3AF0-8AAB-4316-8CB4-6D2E98F7A002}.Release|Win32.Build.0 = Release|Win32
	EndGlobalSection
	GlobalSection(ExtensibilityGlobals) = postSolution
	EndGlobalSection
	GlobalSection(ExtensibilityAddIns) = postSolution
	EndGlobalSection
EndGlobal