<?xml version="1.0" encoding="utf-8"?>
<Project ToolsVersion="4.0" xmlns="http://schemas.microsoft.com/developer/msbuild/2003">
  <ItemGroup>
    <Filter Include="Header Files">
      <UniqueIdentifier>{F11E40CB-A985-5EEF-ABD5-76D6AAD3B7E2}</UniqueIdentifier>
    </Filter>
    <Filter Include="Header Files\Zip">
      <UniqueIdentifier>{4DCDEC31-09C4-5386-9B81-054036190D1F}</UniqueIdentifier>
    </Filter>
    <Filter Include="Resource Files">
      <UniqueIdentifier>{4801BE4B-6FB4-50A1-A075-E6409CA471C1}</UniqueIdentifier>
    </Filter>
    <Filter Include="Source Files">
      <UniqueIdentifier>{23D8B78B-8959-5AAC-8C4C-7802BC8EF397}</UniqueIdentifier>
    </Filter>
  </ItemGroup>
  <ItemGroup>
    <ClCompile Include="StdAfx.cpp">
      <Filter>Source Files</Filter>
    </ClCompile>
    <ClCompile Include="Unzipper.cpp">
      <Filter>Source Files</Filter>
    </ClCompile>
    <ClCompile Include="Zip.cpp">
      <Filter>Source Files</Filter>
    </ClCompile>
    <None Include="Zip.def">
      <Filter>Source Files</Filter>
    </None>
    <ClCompile Include="cZipExtract.cpp">
      <Filter>Source Files</Filter>
    </ClCompile>
    <ClCompile Include="cZipRead.cpp">
      <Filter>Source Files</Filter>
    </ClCompile>
    <ClCompile Include="cZipReadDefault.cpp">
      <Filter>Source Files</Filter>
    </ClCompile>
    <ClCompile Include="cZipWrite.cpp">
      <Filter>Source Files</Filter>
    </ClCompile>
  </ItemGroup>
  <ItemGroup>
    <ClInclude Include="Resource.h">
      <Filter>Header Files</Filter>
    </ClInclude>
    <ClInclude Include="StdAfx.h">
      <Filter>Header Files</Filter>
    </ClInclude>
    <ClInclude Include="Unzipper.h">
      <Filter>Header Files</Filter>
    </ClInclude>
    <ClInclude Include="Zip.h">
      <Filter>Header Files</Filter>
    </ClInclude>
    <ClInclude Include="cZipExtract.h">
      <Filter>Header Files</Filter>
    </ClInclude>
    <ClInclude Include="cZipRead.h">
      <Filter>Header Files</Filter>
    </ClInclude>
    <ClInclude Include="cZipReadDefault.h">
      <Filter>Header Files</Filter>
    </ClInclude>
    <ClInclude Include="cZipWrite.h">
      <Filter>Header Files</Filter>
    </ClInclude>
    <ClInclude Include="iZip.h">
      <Filter>Header Files</Filter>
    </ClInclude>
    <ClInclude Include="zlib\ioapi.h">
      <Filter>Header Files\Zip</Filter>
    </ClInclude>
    <ClInclude Include="zlib\iowin32.h">
      <Filter>Header Files\Zip</Filter>
    </ClInclude>
    <ClInclude Include="zlib\unzip.h">
      <Filter>Header Files\Zip</Filter>
    </ClInclude>
    <ClInclude Include="zlib\zconf.h">
      <Filter>Header Files\Zip</Filter>
    </ClInclude>
    <ClInclude Include="zlib\zip.h">
      <Filter>Header Files\Zip</Filter>
    </ClInclude>
    <ClInclude Include="zlib\zlib.h">
      <Filter>Header Files\Zip</Filter>
    </ClInclude>
  </ItemGroup>
  <ItemGroup>
    <ResourceCompile Include="Zip.rc">
      <Filter>Source Files</Filter>
    </ResourceCompile>
  </ItemGroup>
  <ItemGroup>
    <None Include="res\Zip.rc2">
      <Filter>Resource Files</Filter>
    </None>
    <None Include="ReadMe.txt" />
  </ItemGroup>
</Project>